bitbucket.org/creachadair/shell v0.0.7 h1:Z96pB6DkSb7F3Y3BBnJeOZH2gazyMTWlvecSD4vDqfk=
bitbucket.org/creachadair/shell v0.0.7/go.mod h1:oqtXSSvSYr4624lnnabXHaBsYW6RD80caLi2b3hJk0U=
github.com/btcsuite/btcd/btcec/v2 v2.1.3 h1:xM/n3yIhHAhHy04z4i43C8p4ehixJZMsnrVJkgl+MTE=
github.com/btcsuite/btcd/btcec/v2 v2.1.3/go.mod h1:ctjw4H1kknNJmRN4iP1R7bTQ+v3GJkZBd6mui8ZsAZE=
github.com/cretz/bine v0.1.0 h1:1/fvhLE+fk0bPzjdO5Ci+0ComYxEMuB1JhM4X5skT3g=
github.com/cretz/bine v0.1.0/go.mod h1:6PF6fWAvYtwjRGkAuDEJeWNOv3a2hUouSP/yRYXmvHw=
github.com/davecgh/go-spew v1.1.0/go.mod h1:J7Y8YcW2NihsgmVo/mv3lAwl/skON4iLHjSsI+c5H38=
github.com/davecgh/go-spew v1.1.1 h1:vj9j/u1bqnvCEfJOwUhtlOARqs3+rkHYY13jYWTU97c=
github.com/decred/dcrd/dcrec/secp256k1/v4 v4.1.0 h1:HbphB4TFFXpv7MNrT52FGrrgVXF1owhMVTHFZIlnvd4=
github.com/decred/dcrd/dcrec/secp256k1/v4 v4.1.0/go.mod h1:DZGJHZMqrU4JJqFAWUS2UO1+lbSKsdiOoYi9Zzey7Fc=
github.com/edsrzf/mmap-go v1.1.0 h1:6EUwBLQ/Mcr1EYLE4Tn1VdW1A4ckqCQWZBw8Hr0kjpQ=
github.com/edsrzf/mmap-go v1.1.0/go.mod h1:19H/e8pUPLicwkyNgOykDXkJ9F0MHE+Z52B8EIth78Q=
github.com/godbus/dbus/v5 v5.0.6 h1:mkgN1ofwASrYnJ5W6U/BxG15eXXXjirgZc7CLqkcaro=
github.com/godbus/dbus/v5 v5.0.6/go.mod h1:xhWf0FNVPg57R7Z0UbKHbJfkEywrmjJnf7w5xrFpKfA=
github.com/golang/snappy v0.0.3/go.mod h1:/XxbfmMg8lxefKM7IXC3fBNl/7bRcc72aCRzEWrmP2Q=
github.com/golang/snappy v0.0.4 h1:yAGX7huGHXlcLOEtBnF4w7FQwA26wojNCwOYAEhLjQM=
github.com/golang/snappy v0.0.4/go.mod h1:/XxbfmMg8lxefKM7IXC3fBNl/7bRcc72aCRzEWrmP2Q=
github.com/google/go-cmp v0.5.6/go.mod h1:v8dTdLbMG2kIc/vJvl+f65V22dbkXbowE6jgT/gNBxE=
github.com/ipsn/go-libtor v1.0.380 h1:hCmALDBe3bPpgwMunonMLArrG41MxzpE91Bk8KQYnYM=
github.com/ipsn/go-libtor v1.0.380/go.mod h1:6rIeHU7irp8ZH8E/JqaEOKlD6s4vSSUh4ngHelhlSMw=
github.com/jinzhu/inflection v1.0.0 h1:K317FqzuhWc8YvSVlFMCCUb36O/S9MCKRDI7QkRKD/E=
github.com/jinzhu/inflection v1.0.0/go.mod h1:h+uFLlag+Qp1Va5pdKtLDYj+kHp5pxUVkryuEj+Srlc=
github.com/jinzhu/now v1.1.5 h1:/o9tlHleP7gOFmsnYNz3RGnqzefHA47wQpKrrdTIwXQ=
github.com/jinzhu/now v1.1.5/go.mod h1:d3SSVoowX0Lcu0IBviAWJpolVfI5UJVZZ7cO71lE/z8=
github.com/jxskiss/base62 v1.0.0 h1:bvuMdKQF7C0L5qAr34Q2sYhhg+NZCObNSc2ecp4YMRQ=
github.com/jxskiss/base62 v1.0.0/go.mod h1:a5Mn24iYVJRUQSkFupGByqykzD+k+wFI8J91zGHuPf8=
github.com/kr/pretty v0.2.1 h1:Fmg33tUaq4/8ym9TJN1x7sLJnHVwhP33CNkpYV/7rwI=
github.com/kr/pretty v0.2.1/go.mod h1:ipq/a2n7PKx3OHsz4KJII5eveXtPO4qwEXGdVfWzfnI=
github.com/kr/pty v1.1.1/go.mod h1:pFQYn66WHrOpPYNljwOMqo10TkYh1fy3cYio2l3bCsQ=
github.com/kr/text v0.1.0 h1:45sCR5RtlFHMR4UwH9sdQ5TC8v0qDQCHnXt+kaKSTVE=
github.com/kr/text v0.1.0/go.mod h1:4Jbv+DJW3UT/LiOwJeYQe1efqtUx/iVham/4vfdArNI=
github.com/mattn/go-sqlite3 v1.14.15/go.mod h1:2eHXhiwb8IkHr+BDWZGa96P6+rkvnG63S2DGjv9HUNg=
github.com/mattn/go-sqlite3 v1.14.16 h1:yOQRA0RpS5PFz/oikGwBEqvAWhWg5ufRz4ETLjwpU1Y=
github.com/mattn/go-sqlite3 v1.14.16/go.mod h1:2eHXhiwb8IkHr+BDWZGa96P6+rkvnG63S2DGjv9HUNg=
github.com/pmezard/go-difflib v1.0.0 h1:4DBwDE0NGyQoBHbLQYPwSUPoCMWR5BEzIk/f1lZbAQM=
github.com/pmezard/go-difflib v1.0.0/go.mod h1:iKH77koFhYxTK1pcRnkKkqfTogsbg7gZNVY4sRDYZ/4=
github.com/remyoudompheng/bigfft v0.0.0-20190728182440-6a916e37a237/go.mod h1:qqbHyh8v60DhA7CoWK5oRCqLrMHRGoxYCSS9EjAz6Eo=
github.com/remyoudompheng/bigfft v0.0.0-20200410134404-eec4a21b6bb0 h1:OdAsTTz6OkFY5QxjkYwrChwuRruF69c169dPK26NUlk=
github.com/remyoudompheng/bigfft v0.0.0-20200410134404-eec4a21b6bb0/go.mod h1:qqbHyh8v60DhA7CoWK5oRCqLrMHRGoxYCSS9EjAz6Eo=
github.com/stretchr/objx v0.1.0/go.mod h1:HFkY916IF+rwdDfMAkV7OtwuqBVzrE8GR6GFx+wExME=
github.com/stretchr/testify v1.3.0 h1:TivCn/peBQ7UY8ooIcPgZFpTNSz0Q2U6UrFlUfqbe0Q=
github.com/stretchr/testify v1.3.0/go.mod h1:M5WIy9Dh21IEIfnGCwXGc5bZfKNJtfHm1UVUgZn+9EI=
golang.org/x/crypto v0.0.0-20190404164418-38d8ce5564a5/go.mod h1:WFFai1msRO1wXaEeE5yQxYXgSfI8pQAWXbQop6sCtWE=
golang.org/x/crypto v0.5.0 h1:U/0M97KRkSFvyD/3FSmdP5W5swImpNgle/EHFhOsQPE=
golang.org/x/crypto v0.5.0/go.mod h1:NK/OQwhpMQP3MwtdjgLlYHnH9ebylxKWv3e0fK+mkQU=
golang.org/x/exp v0.0.0-20181106170214-d68db9428509/go.mod h1:CJ0aWSM057203Lf6IL+f9T1iT9GByDxfZKAQTCR3kQA=
golang.org/x/net v0.7.0 h1:rJrUqqhjsgNp7KqAIc25s9pZnjU7TUcSY7HcVZjdn1g=
golang.org/x/net v0.7.0/go.mod h1:2Tu9+aMcznHK/AK1HMvgo6xiTLG5rD5rZLDS+rp2Bjs=
golang.org/x/sys v0.0.0-20190403152447-81d4e9dc473e/go.mod h1:h1NjWce9XRLGQEsW7wpKNCjG9DtNlClVuFLEZdDNbEs=
golang.org/x/sys v0.0.0-20211216021012-1d35b9e2eb4e/go.mod h1:oPkhp1MJrh7nUepCBck5+mAzfO9JrbApNNgaTdGDITg=
golang.org/x/sys v0.5.0 h1:MUK/U/4lj1t1oPg0HfuXDN/Z1wv31ZJ/YcPiGccS4DU=
golang.org/x/sys v0.5.0/go.mod h1:oPkhp1MJrh7nUepCBck5+mAzfO9JrbApNNgaTdGDITg=
golang.org/x/xerrors v0.0.0-20191204190536-9bdfabe68543/go.mod h1:I/5z698sn9Ka8TeJc9MKroUUfqBBauWjQqLJ2OPfmY0=
gopkg.in/check.v1 v0.0.0-20161208181325-20d25e280405/go.mod h1:Co6ibVJAznAaIkqp8huTwlJQCZ016jof/cbN4VW5Yz0=
gopkg.in/check.v1 v1.0.0-20201130134442-10cb98267c6c/go.mod h1:JHkPIbrfpd72SG/EVd6muEfDQjcINNoR0C8j2r3qZ4Q=
gopkg.in/yaml.v2 v2.4.0 h1:D8xgwECY7CYvx+Y2n4sBz93Jn9JRvxdiyyo8CTfuKaY=
gopkg.in/yaml.v2 v2.4.0/go.mod h1:RDklbk79AGWmwhnvt/jBztapEOGDOx6ZbXqjP6csGnQ=
gorm.io/driver/sqlite v1.5.0 h1:zKYbzRCpBrT1bNijRnxLDJWPjVfImGEn0lSnUY5gZ+c=
gorm.io/driver/sqlite v1.5.0/go.mod h1:kDMDfntV9u/vuMmz8APHtHF0b4nyBB7sfCieC6G8k8I=
gorm.io/gorm v1.24.7-0.20230306060331-85eaf9eeda11/go.mod h1:L4uxeKpfBml98NYqVqwAdmV1a2nBtAec/cf3fpucW/k=
gorm.io/gorm v1.25.1 h1:nsSALe5Pr+cM3V1qwwQ7rOkw+6UeLrX5O4v3llhHa64=
gorm.io/gorm v1.25.1/go.mod h1:L4uxeKpfBml98NYqVqwAdmV1a2nBtAec/cf3fpucW/k=
modernc.org/b v1.0.3 h1:i4Iye3D8KsPozbQndZzccQ/PlIVpMe3U/ET4dhAkGjs=
modernc.org/b v1.0.3/go.mod h1:bauv72WoSgpBPpK6rQRqE+xVQHzszHS92P3mKx1l3g4=
modernc.org/db v1.0.5 h1:oqO6M64BpKB6oQBcBt1PXcvpQI9hNovYWZUye6WyGeQ=
modernc.org/db v1.0.5/go.mod h1:mSG3GlMvRtmCtw7De3pGYFWiRhhQo+kOvAF5QsBppbM=
modernc.org/file v1.0.4/go.mod h1:f7r4AdK84xOlQjKqHPGv8oJkV9DUm5lv+r/g1xxdevI=
modernc.org/file v1.0.5 h1:xL7sYrLd/5BrVi1Hg4St27VTCB1eREbboSnKXWRJLVE=
modernc.org/file v1.0.5/go.mod h1:+ak+nXq/7/5SzhyjbI/3F+m2uXtwwzJctus0VuhA/Pc=
modernc.org/fileutil v1.0.0/go.mod h1:JHsWpkrk/CnVV1H/eGlFf85BEpfkrp56ro8nojIq9Q8=
modernc.org/fileutil v1.1.0/go.mod h1:SErFOYfL50xApg0X5XfUOQiku7cTgQ6/8XNvJHKy9eI=
modernc.org/fileutil v1.1.1 h1:L2sQJIacLy07ufTTA8tEs8MYBSGDZNSgTMv9/uvsrpM=
modernc.org/fileutil v1.1.1/go.mod h1:HdjlliqRHrMAI4nVOvvpYVzVgvRSK7WnoCiG0GUWJNo=
modernc.org/golex v1.0.2 h1:/wtZQYGDEM38LomGt/Es/NF/kRoafpDBn6KczghrNTY=
modernc.org/golex v1.0.2/go.mod h1:zTDx8IGCk0T0iMGsJdZjpSS2S6EkxfAc+evUtgiSY2A=
modernc.org/internal v1.0.3/go.mod h1:dvHFQEGEd33HZar0OdSYIm6yen/77eukCqffWSAwQUc=
modernc.org/internal v1.0.4/go.mod h1:dvHFQEGEd33HZar0OdSYIm6yen/77eukCqffWSAwQUc=
modernc.org/internal v1.0.5 h1:liZJd7ANjmsxjPK1+Vra6KS8QdqjtypQfjFEnLJydfo=
modernc.org/internal v1.0.5/go.mod h1:lbE47ueQuXAscba+1ykHkFFi1M3On4ZOreb9LRZ6k4k=
modernc.org/lex v1.1.0/go.mod h1:+ojes+j0JYCaqwKYCBjcUavscJHmWFKvViUTMU4VjLA=
modernc.org/lexer v1.0.0/go.mod h1:F/Dld0YKYdZCLQ7bD0USbWL4YKCyTDRDHiDTOs0q0vk=
modernc.org/lexer v1.0.2/go.mod h1:CqDIZ65Q1z38UWVfBrMdZRLwtktcF1WNQ3UVkKwlrls=
modernc.org/lldb v1.0.4 h1:FWlxVwxUKjuyu1fz3rmXJb4plvsw5F83PYN72ulzFIQ=
modernc.org/lldb v1.0.4/go.mod h1:AKDI6wUJk7iJS8nRX54St8rq9wUIi3o5YGN3rlejR5o=
modernc.org/mathutil v1.0.0/go.mod h1:wU0vUrJsVWBZ4P6e7xtFJEhFSNsfRLJ8H458uRjg03k=
modernc.org/mathutil v1.4.1/go.mod h1:mZW8CKdRPY1v87qxC/wUdX5O1qDzXMP5TH3wjfpga6E=
modernc.org/mathutil v1.5.0 h1:rV0Ko/6SfM+8G+yKiyI830l3Wuz1zRutdslNoQ0kfiQ=
modernc.org/mathutil v1.5.0/go.mod h1:mZW8CKdRPY1v87qxC/wUdX5O1qDzXMP5TH3wjfpga6E=
modernc.org/ql v1.4.4 h1:y51NLIt3URP/V/IxarfhbNsnzNCUQImnFxyZT+3USmc=
modernc.org/ql v1.4.4/go.mod h1:Smm1I/XGjA+MP/h1f4v6+nlCowCbZIcXmZmvaA1yIBk=
modernc.org/sortutil v1.1.0 h1:oP3U4uM+NT/qBQcbg/K2iqAX0Nx7B1b6YZtq3Gk/PjM=
modernc.org/sortutil v1.1.0/go.mod h1:ZyL98OQHJgH9IEfN71VsamvJgrtRX9Dj2gX+vH86L1k=
modernc.org/strutil v1.1.3 h1:fNMm+oJklMGYfU9Ylcywl0CO5O6nTfaowNsh2wpPjzY=
modernc.org/strutil v1.1.3/go.mod h1:MEHNA7PdEnEwLvspRMtWTNnp2nnyvMfkimT1NKNAGbw=
modernc.org/zappy v1.0.5 h1:XEh6U/ITG9I5Fgl9mBczbaOU7khNcS2+jPVaYlalif4=
modernc.org/zappy v1.0.5/go.mod h1:Q5T4ra3/JJNORGK16oe8rRAti7kWtRW4Z93fzin2gBc=
